// !$*UTF8*$!
{
	archiveVersion = 1;
	classes = {
	};
	objectVersion = 51;
	objects = {

/* Begin PBXBuildFile section */
		0D215F06B618BC6F121F5E5A /* Pods_Task_1.framework in Frameworks */ = {isa = PBXBuildFile; fileRef = CAC6813B7BC8DDFE733E0F3D /* Pods_Task_1.framework */; };
		3A3B7C4A25ECF5B2009B326A /* AppDelegate.swift in Sources */ = {isa = PBXBuildFile; fileRef = 3A3B7C4925ECF5B2009B326A /* AppDelegate.swift */; };
		3A3B7C4C25ECF5B2009B326A /* SceneDelegate.swift in Sources */ = {isa = PBXBuildFile; fileRef = 3A3B7C4B25ECF5B2009B326A /* SceneDelegate.swift */; };
		3A3B7C4E25ECF5B2009B326A /* MainViewController.swift in Sources */ = {isa = PBXBuildFile; fileRef = 3A3B7C4D25ECF5B2009B326A /* MainViewController.swift */; };
		3A3B7C5125ECF5B2009B326A /* Main.storyboard in Resources */ = {isa = PBXBuildFile; fileRef = 3A3B7C4F25ECF5B2009B326A /* Main.storyboard */; };
		3A3B7C5325ECF5B6009B326A /* Assets.xcassets in Resources */ = {isa = PBXBuildFile; fileRef = 3A3B7C5225ECF5B6009B326A /* Assets.xcassets */; };
		3A3B7C5625ECF5B6009B326A /* LaunchScreen.storyboard in Resources */ = {isa = PBXBuildFile; fileRef = 3A3B7C5425ECF5B6009B326A /* LaunchScreen.storyboard */; };
		3A3B7C6425ECF985009B326A /* AlomofireRequest.swift in Sources */ = {isa = PBXBuildFile; fileRef = 3A3B7C6325ECF985009B326A /* AlomofireRequest.swift */; };
		3A3B7C6725ECFA20009B326A /* PeopleData.swift in Sources */ = {isa = PBXBuildFile; fileRef = 3A3B7C6625ECFA20009B326A /* PeopleData.swift */; };
		3A3B7C8025ED3836009B326A /* Constants.swift in Sources */ = {isa = PBXBuildFile; fileRef = 3A3B7C7F25ED3836009B326A /* Constants.swift */; };
		3A7A31B825F23AAB008CACE7 /* Entity.swift in Sources */ = {isa = PBXBuildFile; fileRef = 3A7A31B725F23AAB008CACE7 /* Entity.swift */; };
		3A7A31BC25F23D26008CACE7 /* PlanetDescription.swift in Sources */ = {isa = PBXBuildFile; fileRef = 3A7A31BB25F23D26008CACE7 /* PlanetDescription.swift */; };
		3A7A31BF25F24258008CACE7 /* SpeciesDescription.swift in Sources */ = {isa = PBXBuildFile; fileRef = 3A7A31BE25F24258008CACE7 /* SpeciesDescription.swift */; };
		3A7A31C225F251A7008CACE7 /* StarshipDescription.swift in Sources */ = {isa = PBXBuildFile; fileRef = 3A7A31C125F251A7008CACE7 /* StarshipDescription.swift */; };
		3A7A31C525F256AC008CACE7 /* VehicleDescription.swift in Sources */ = {isa = PBXBuildFile; fileRef = 3A7A31C425F256AC008CACE7 /* VehicleDescription.swift */; };
		3A7A31D425F26A40008CACE7 /* PeopleViewController.xib in Resources */ = {isa = PBXBuildFile; fileRef = 3A7A31D325F26A3F008CACE7 /* PeopleViewController.xib */; };
		3A85869025EF64CE0062B8B6 /* MyCollectionViewController.swift in Sources */ = {isa = PBXBuildFile; fileRef = 3A85868E25EF64CE0062B8B6 /* MyCollectionViewController.swift */; };
		3A85869625EF67090062B8B6 /* CollectionCell.swift in Sources */ = {isa = PBXBuildFile; fileRef = 3A85869425EF67080062B8B6 /* CollectionCell.swift */; };
		3A85869725EF67090062B8B6 /* CollectionCell.xib in Resources */ = {isa = PBXBuildFile; fileRef = 3A85869525EF67090062B8B6 /* CollectionCell.xib */; };
		3A85869C25EF739C0062B8B6 /* MyCollectionViewController.xib in Resources */ = {isa = PBXBuildFile; fileRef = 3A85869B25EF739C0062B8B6 /* MyCollectionViewController.xib */; };
		3A85869F25EF77300062B8B6 /* PeopleDescription.swift in Sources */ = {isa = PBXBuildFile; fileRef = 3A85869E25EF77300062B8B6 /* PeopleDescription.swift */; };
		3A8586AF25F0BF280062B8B6 /* PlanetData.swift in Sources */ = {isa = PBXBuildFile; fileRef = 3A8586AE25F0BF280062B8B6 /* PlanetData.swift */; };
		3A8586B325F0C1AF0062B8B6 /* FilmData.swift in Sources */ = {isa = PBXBuildFile; fileRef = 3A8586B225F0C1AF0062B8B6 /* FilmData.swift */; };
		3A8586B725F0C5280062B8B6 /* SpeciesData.swift in Sources */ = {isa = PBXBuildFile; fileRef = 3A8586B625F0C5280062B8B6 /* SpeciesData.swift */; };
		3A8586BA25F0C77B0062B8B6 /* VehicleData.swift in Sources */ = {isa = PBXBuildFile; fileRef = 3A8586B925F0C77B0062B8B6 /* VehicleData.swift */; };
		3A8586BD25F0CA750062B8B6 /* StarshipsData.swift in Sources */ = {isa = PBXBuildFile; fileRef = 3A8586BC25F0CA750062B8B6 /* StarshipsData.swift */; };
		3A8586E825F12C3A0062B8B6 /* NewCollectionCell.swift in Sources */ = {isa = PBXBuildFile; fileRef = 3A8586E625F12C3A0062B8B6 /* NewCollectionCell.swift */; };
		3A8586E925F12C3A0062B8B6 /* NewCollectionCell.xib in Resources */ = {isa = PBXBuildFile; fileRef = 3A8586E725F12C3A0062B8B6 /* NewCollectionCell.xib */; };
		3A8586EF25F167B60062B8B6 /* FilmDescription.swift in Sources */ = {isa = PBXBuildFile; fileRef = 3A8586EE25F167B60062B8B6 /* FilmDescription.swift */; };
		3A85870B25F228EC0062B8B6 /* PresentingVCDelegate .swift in Sources */ = {isa = PBXBuildFile; fileRef = 3A85870A25F228EC0062B8B6 /* PresentingVCDelegate .swift */; };
		3AC138FA25EE0E0100F63AB2 /* Request.swift in Sources */ = {isa = PBXBuildFile; fileRef = 3AC138F925EE0E0100F63AB2 /* Request.swift */; };
		3AC138FF25EE104300F63AB2 /* PeopleRequest.swift in Sources */ = {isa = PBXBuildFile; fileRef = 3AC138FE25EE104300F63AB2 /* PeopleRequest.swift */; };
		3AC1390525EE223800F63AB2 /* PeopleViewController.swift in Sources */ = {isa = PBXBuildFile; fileRef = 3AC1390425EE223800F63AB2 /* PeopleViewController.swift */; };
		3AC1392E25EE628B00F63AB2 /* BaseMappableModel.swift in Sources */ = {isa = PBXBuildFile; fileRef = 3AC1392D25EE628B00F63AB2 /* BaseMappableModel.swift */; };
		3AC1395C25EE75AA00F63AB2 /* TableCell.swift in Sources */ = {isa = PBXBuildFile; fileRef = 3AC1395B25EE75AA00F63AB2 /* TableCell.swift */; };
		3AC1396425EE79FE00F63AB2 /* MainViewController.xib in Resources */ = {isa = PBXBuildFile; fileRef = 3AC1396325EE79FE00F63AB2 /* MainViewController.xib */; };
/* End PBXBuildFile section */

/* Begin PBXFileReference section */
		3A3B7C4625ECF5B2009B326A /* Task 1.app */ = {isa = PBXFileReference; explicitFileType = wrapper.application; includeInIndex = 0; path = "Task 1.app"; sourceTree = BUILT_PRODUCTS_DIR; };
		3A3B7C4925ECF5B2009B326A /* AppDelegate.swift */ = {isa = PBXFileReference; lastKnownFileType = sourcecode.swift; path = AppDelegate.swift; sourceTree = "<group>"; };
		3A3B7C4B25ECF5B2009B326A /* SceneDelegate.swift */ = {isa = PBXFileReference; lastKnownFileType = sourcecode.swift; path = SceneDelegate.swift; sourceTree = "<group>"; };
		3A3B7C4D25ECF5B2009B326A /* MainViewController.swift */ = {isa = PBXFileReference; lastKnownFileType = sourcecode.swift; path = MainViewController.swift; sourceTree = "<group>"; };
		3A3B7C5025ECF5B2009B326A /* Base */ = {isa = PBXFileReference; lastKnownFileType = file.storyboard; name = Base; path = Base.lproj/Main.storyboard; sourceTree = "<group>"; };
		3A3B7C5225ECF5B6009B326A /* Assets.xcassets */ = {isa = PBXFileReference; lastKnownFileType = folder.assetcatalog; path = Assets.xcassets; sourceTree = "<group>"; };
		3A3B7C5525ECF5B6009B326A /* Base */ = {isa = PBXFileReference; lastKnownFileType = file.storyboard; name = Base; path = Base.lproj/LaunchScreen.storyboard; sourceTree = "<group>"; };
		3A3B7C5725ECF5B6009B326A /* Info.plist */ = {isa = PBXFileReference; lastKnownFileType = text.plist.xml; path = Info.plist; sourceTree = "<group>"; };
		3A3B7C6325ECF985009B326A /* AlomofireRequest.swift */ = {isa = PBXFileReference; lastKnownFileType = sourcecode.swift; path = AlomofireRequest.swift; sourceTree = "<group>"; };
		3A3B7C6625ECFA20009B326A /* PeopleData.swift */ = {isa = PBXFileReference; lastKnownFileType = sourcecode.swift; path = PeopleData.swift; sourceTree = "<group>"; };
		3A3B7C7F25ED3836009B326A /* Constants.swift */ = {isa = PBXFileReference; lastKnownFileType = sourcecode.swift; path = Constants.swift; sourceTree = "<group>"; };
		3A7A31B725F23AAB008CACE7 /* Entity.swift */ = {isa = PBXFileReference; lastKnownFileType = sourcecode.swift; path = Entity.swift; sourceTree = "<group>"; };
		3A7A31BB25F23D26008CACE7 /* PlanetDescription.swift */ = {isa = PBXFileReference; lastKnownFileType = sourcecode.swift; path = PlanetDescription.swift; sourceTree = "<group>"; };
		3A7A31BE25F24258008CACE7 /* SpeciesDescription.swift */ = {isa = PBXFileReference; lastKnownFileType = sourcecode.swift; path = SpeciesDescription.swift; sourceTree = "<group>"; };
		3A7A31C125F251A7008CACE7 /* StarshipDescription.swift */ = {isa = PBXFileReference; lastKnownFileType = sourcecode.swift; path = StarshipDescription.swift; sourceTree = "<group>"; };
		3A7A31C425F256AC008CACE7 /* VehicleDescription.swift */ = {isa = PBXFileReference; lastKnownFileType = sourcecode.swift; path = VehicleDescription.swift; sourceTree = "<group>"; };
		3A7A31D325F26A3F008CACE7 /* PeopleViewController.xib */ = {isa = PBXFileReference; lastKnownFileType = file.xib; path = PeopleViewController.xib; sourceTree = "<group>"; };
		3A85868E25EF64CE0062B8B6 /* MyCollectionViewController.swift */ = {isa = PBXFileReference; lastKnownFileType = sourcecode.swift; path = MyCollectionViewController.swift; sourceTree = "<group>"; };
		3A85869425EF67080062B8B6 /* CollectionCell.swift */ = {isa = PBXFileReference; lastKnownFileType = sourcecode.swift; path = CollectionCell.swift; sourceTree = "<group>"; };
		3A85869525EF67090062B8B6 /* CollectionCell.xib */ = {isa = PBXFileReference; lastKnownFileType = file.xib; path = CollectionCell.xib; sourceTree = "<group>"; };
		3A85869B25EF739C0062B8B6 /* MyCollectionViewController.xib */ = {isa = PBXFileReference; lastKnownFileType = file.xib; path = MyCollectionViewController.xib; sourceTree = "<group>"; };
		3A85869E25EF77300062B8B6 /* PeopleDescription.swift */ = {isa = PBXFileReference; lastKnownFileType = sourcecode.swift; path = PeopleDescription.swift; sourceTree = "<group>"; };
		3A8586AE25F0BF280062B8B6 /* PlanetData.swift */ = {isa = PBXFileReference; lastKnownFileType = sourcecode.swift; path = PlanetData.swift; sourceTree = "<group>"; };
		3A8586B225F0C1AF0062B8B6 /* FilmData.swift */ = {isa = PBXFileReference; lastKnownFileType = sourcecode.swift; path = FilmData.swift; sourceTree = "<group>"; };
		3A8586B625F0C5280062B8B6 /* SpeciesData.swift */ = {isa = PBXFileReference; lastKnownFileType = sourcecode.swift; path = SpeciesData.swift; sourceTree = "<group>"; };
		3A8586B925F0C77B0062B8B6 /* VehicleData.swift */ = {isa = PBXFileReference; lastKnownFileType = sourcecode.swift; path = VehicleData.swift; sourceTree = "<group>"; };
		3A8586BC25F0CA750062B8B6 /* StarshipsData.swift */ = {isa = PBXFileReference; lastKnownFileType = sourcecode.swift; path = StarshipsData.swift; sourceTree = "<group>"; };
		3A8586E625F12C3A0062B8B6 /* NewCollectionCell.swift */ = {isa = PBXFileReference; lastKnownFileType = sourcecode.swift; path = NewCollectionCell.swift; sourceTree = "<group>"; };
		3A8586E725F12C3A0062B8B6 /* NewCollectionCell.xib */ = {isa = PBXFileReference; lastKnownFileType = file.xib; path = NewCollectionCell.xib; sourceTree = "<group>"; };
		3A8586EE25F167B60062B8B6 /* FilmDescription.swift */ = {isa = PBXFileReference; lastKnownFileType = sourcecode.swift; path = FilmDescription.swift; sourceTree = "<group>"; };
		3A85870A25F228EC0062B8B6 /* PresentingVCDelegate .swift */ = {isa = PBXFileReference; lastKnownFileType = sourcecode.swift; path = "PresentingVCDelegate .swift"; sourceTree = "<group>"; };
		3AC138F925EE0E0100F63AB2 /* Request.swift */ = {isa = PBXFileReference; lastKnownFileType = sourcecode.swift; path = Request.swift; sourceTree = "<group>"; };
		3AC138FE25EE104300F63AB2 /* PeopleRequest.swift */ = {isa = PBXFileReference; lastKnownFileType = sourcecode.swift; path = PeopleRequest.swift; sourceTree = "<group>"; };
		3AC1390425EE223800F63AB2 /* PeopleViewController.swift */ = {isa = PBXFileReference; lastKnownFileType = sourcecode.swift; path = PeopleViewController.swift; sourceTree = "<group>"; };
		3AC1392D25EE628B00F63AB2 /* BaseMappableModel.swift */ = {isa = PBXFileReference; lastKnownFileType = sourcecode.swift; path = BaseMappableModel.swift; sourceTree = "<group>"; };
		3AC1395B25EE75AA00F63AB2 /* TableCell.swift */ = {isa = PBXFileReference; lastKnownFileType = sourcecode.swift; path = TableCell.swift; sourceTree = "<group>"; };
		3AC1396325EE79FE00F63AB2 /* MainViewController.xib */ = {isa = PBXFileReference; lastKnownFileType = file.xib; path = MainViewController.xib; sourceTree = "<group>"; };
		907C341934B3504D8760CD04 /* Pods-Task 1.release.xcconfig */ = {isa = PBXFileReference; includeInIndex = 1; lastKnownFileType = text.xcconfig; name = "Pods-Task 1.release.xcconfig"; path = "Target Support Files/Pods-Task 1/Pods-Task 1.release.xcconfig"; sourceTree = "<group>"; };
		CAC6813B7BC8DDFE733E0F3D /* Pods_Task_1.framework */ = {isa = PBXFileReference; explicitFileType = wrapper.framework; includeInIndex = 0; path = Pods_Task_1.framework; sourceTree = BUILT_PRODUCTS_DIR; };
		F35A30F5D6D05A4179082B5A /* Pods-Task 1.debug.xcconfig */ = {isa = PBXFileReference; includeInIndex = 1; lastKnownFileType = text.xcconfig; name = "Pods-Task 1.debug.xcconfig"; path = "Target Support Files/Pods-Task 1/Pods-Task 1.debug.xcconfig"; sourceTree = "<group>"; };
/* End PBXFileReference section */

/* Begin PBXFrameworksBuildPhase section */
		3A3B7C4325ECF5B2009B326A /* Frameworks */ = {
			isa = PBXFrameworksBuildPhase;
			buildActionMask = 2147483647;
			files = (
				0D215F06B618BC6F121F5E5A /* Pods_Task_1.framework in Frameworks */,
			);
			runOnlyForDeploymentPostprocessing = 0;
		};
/* End PBXFrameworksBuildPhase section */

/* Begin PBXGroup section */
		3A3B7C3D25ECF5B2009B326A = {
			isa = PBXGroup;
			children = (
				3A3B7C4825ECF5B2009B326A /* Task 1 */,
				3A3B7C4725ECF5B2009B326A /* Products */,
				B07D71958848E7D7E74F1DEB /* Pods */,
				F9E0507316B6D887467F8CAD /* Frameworks */,
			);
			sourceTree = "<group>";
		};
		3A3B7C4725ECF5B2009B326A /* Products */ = {
			isa = PBXGroup;
			children = (
				3A3B7C4625ECF5B2009B326A /* Task 1.app */,
			);
			name = Products;
			sourceTree = "<group>";
		};
		3A3B7C4825ECF5B2009B326A /* Task 1 */ = {
			isa = PBXGroup;
			children = (
				3AC138F825EE0DE800F63AB2 /* Models */,
				3AC1395E25EE75F400F63AB2 /* Views */,
				3AC1390725EE223C00F63AB2 /* Controllers */,
				3AC1390825EE224F00F63AB2 /* Networking */,
				3A85870825F228C70062B8B6 /* Protocols */,
				3AC1390D25EE2BBE00F63AB2 /* Storyboards */,
				3AC1393025EE648D00F63AB2 /* XIBs */,
				3AC1390C25EE2BAC00F63AB2 /* Supporting Files */,
			);
			path = "Task 1";
			sourceTree = "<group>";
		};
		3A85869325EF66CC0062B8B6 /* Views */ = {
			isa = PBXGroup;
			children = (
				3A85869525EF67090062B8B6 /* CollectionCell.xib */,
				3A8586E725F12C3A0062B8B6 /* NewCollectionCell.xib */,
			);
			path = Views;
			sourceTree = "<group>";
		};
		3A8586DE25F118AB0062B8B6 /* Models */ = {
			isa = PBXGroup;
			children = (
				3AC138F925EE0E0100F63AB2 /* Request.swift */,
				3AC138FE25EE104300F63AB2 /* PeopleRequest.swift */,
				3A3B7C6625ECFA20009B326A /* PeopleData.swift */,
				3A8586B225F0C1AF0062B8B6 /* FilmData.swift */,
				3A8586AE25F0BF280062B8B6 /* PlanetData.swift */,
				3A8586B625F0C5280062B8B6 /* SpeciesData.swift */,
				3A8586B925F0C77B0062B8B6 /* VehicleData.swift */,
				3A8586BC25F0CA750062B8B6 /* StarshipsData.swift */,
			);
			path = Models;
			sourceTree = "<group>";
		};
		3A85870825F228C70062B8B6 /* Protocols */ = {
			isa = PBXGroup;
			children = (
				3A85870A25F228EC0062B8B6 /* PresentingVCDelegate .swift */,
			);
			path = Protocols;
			sourceTree = "<group>";
		};
		3AC138F825EE0DE800F63AB2 /* Models */ = {
			isa = PBXGroup;
			children = (
				3A7A31B725F23AAB008CACE7 /* Entity.swift */,
				3A85869E25EF77300062B8B6 /* PeopleDescription.swift */,
				3A8586EE25F167B60062B8B6 /* FilmDescription.swift */,
				3A7A31BB25F23D26008CACE7 /* PlanetDescription.swift */,
				3A7A31BE25F24258008CACE7 /* SpeciesDescription.swift */,
				3A7A31C125F251A7008CACE7 /* StarshipDescription.swift */,
				3A7A31C425F256AC008CACE7 /* VehicleDescription.swift */,
			);
			path = Models;
			sourceTree = "<group>";
		};
		3AC1390725EE223C00F63AB2 /* Controllers */ = {
			isa = PBXGroup;
			children = (
				3A3B7C4D25ECF5B2009B326A /* MainViewController.swift */,
				3AC1390425EE223800F63AB2 /* PeopleViewController.swift */,
				3A85868E25EF64CE0062B8B6 /* MyCollectionViewController.swift */,
			);
			path = Controllers;
			sourceTree = "<group>";
		};
		3AC1390825EE224F00F63AB2 /* Networking */ = {
			isa = PBXGroup;
			children = (
				3A8586DE25F118AB0062B8B6 /* Models */,
				3A3B7C6325ECF985009B326A /* AlomofireRequest.swift */,
				3AC1392D25EE628B00F63AB2 /* BaseMappableModel.swift */,
			);
			path = Networking;
			sourceTree = "<group>";
		};
		3AC1390C25EE2BAC00F63AB2 /* Supporting Files */ = {
			isa = PBXGroup;
			children = (
				3A3B7C7F25ED3836009B326A /* Constants.swift */,
				3A3B7C4925ECF5B2009B326A /* AppDelegate.swift */,
				3A3B7C4B25ECF5B2009B326A /* SceneDelegate.swift */,
				3A3B7C5225ECF5B6009B326A /* Assets.xcassets */,
				3A3B7C5725ECF5B6009B326A /* Info.plist */,
			);
			path = "Supporting Files";
			sourceTree = "<group>";
		};
		3AC1390D25EE2BBE00F63AB2 /* Storyboards */ = {
			isa = PBXGroup;
			children = (
				3A3B7C5425ECF5B6009B326A /* LaunchScreen.storyboard */,
				3A3B7C4F25ECF5B2009B326A /* Main.storyboard */,
			);
			path = Storyboards;
			sourceTree = "<group>";
		};
		3AC1393025EE648D00F63AB2 /* XIBs */ = {
			isa = PBXGroup;
			children = (
				3A85869325EF66CC0062B8B6 /* Views */,
				3AC1396B25EE891200F63AB2 /* ViewControllers */,
			);
			path = XIBs;
			sourceTree = "<group>";
		};
		3AC1395E25EE75F400F63AB2 /* Views */ = {
			isa = PBXGroup;
			children = (
				3AC1395B25EE75AA00F63AB2 /* TableCell.swift */,
				3A8586E625F12C3A0062B8B6 /* NewCollectionCell.swift */,
				3A85869425EF67080062B8B6 /* CollectionCell.swift */,
			);
			path = Views;
			sourceTree = "<group>";
		};
		3AC1396B25EE891200F63AB2 /* ViewControllers */ = {
			isa = PBXGroup;
			children = (
				3AC1396325EE79FE00F63AB2 /* MainViewController.xib */,
				3A7A31D325F26A3F008CACE7 /* PeopleViewController.xib */,
				3A85869B25EF739C0062B8B6 /* MyCollectionViewController.xib */,
			);
			path = ViewControllers;
			sourceTree = "<group>";
		};
		B07D71958848E7D7E74F1DEB /* Pods */ = {
			isa = PBXGroup;
			children = (
				F35A30F5D6D05A4179082B5A /* Pods-Task 1.debug.xcconfig */,
				907C341934B3504D8760CD04 /* Pods-Task 1.release.xcconfig */,
			);
			path = Pods;
			sourceTree = "<group>";
		};
		F9E0507316B6D887467F8CAD /* Frameworks */ = {
			isa = PBXGroup;
			children = (
				CAC6813B7BC8DDFE733E0F3D /* Pods_Task_1.framework */,
			);
			name = Frameworks;
			sourceTree = "<group>";
		};
/* End PBXGroup section */

/* Begin PBXNativeTarget section */
		3A3B7C4525ECF5B2009B326A /* Task 1 */ = {
			isa = PBXNativeTarget;
			buildConfigurationList = 3A3B7C5A25ECF5B6009B326A /* Build configuration list for PBXNativeTarget "Task 1" */;
			buildPhases = (
				D5BE12584C37C2AD04964A71 /* [CP] Check Pods Manifest.lock */,
				3A3B7C4225ECF5B2009B326A /* Sources */,
				3A3B7C4325ECF5B2009B326A /* Frameworks */,
				3A3B7C4425ECF5B2009B326A /* Resources */,
				B79B9EA51B49BCE198C0127B /* [CP] Embed Pods Frameworks */,
			);
			buildRules = (
			);
			dependencies = (
			);
			name = "Task 1";
			productName = "Task 1";
			productReference = 3A3B7C4625ECF5B2009B326A /* Task 1.app */;
			productType = "com.apple.product-type.application";
		};
/* End PBXNativeTarget section */

/* Begin PBXProject section */
		3A3B7C3E25ECF5B2009B326A /* Project object */ = {
			isa = PBXProject;
			attributes = {
				LastSwiftUpdateCheck = 1200;
				LastUpgradeCheck = 1200;
				TargetAttributes = {
					3A3B7C4525ECF5B2009B326A = {
						CreatedOnToolsVersion = 12.0.1;
					};
				};
			};
			buildConfigurationList = 3A3B7C4125ECF5B2009B326A /* Build configuration list for PBXProject "Task 1" */;
			compatibilityVersion = "Xcode 9.3";
			developmentRegion = en;
			hasScannedForEncodings = 0;
			knownRegions = (
				en,
				Base,
			);
			mainGroup = 3A3B7C3D25ECF5B2009B326A;
			productRefGroup = 3A3B7C4725ECF5B2009B326A /* Products */;
			projectDirPath = "";
			projectRoot = "";
			targets = (
				3A3B7C4525ECF5B2009B326A /* Task 1 */,
			);
		};
/* End PBXProject section */

/* Begin PBXResourcesBuildPhase section */
		3A3B7C4425ECF5B2009B326A /* Resources */ = {
			isa = PBXResourcesBuildPhase;
			buildActionMask = 2147483647;
			files = (
				3A85869C25EF739C0062B8B6 /* MyCollectionViewController.xib in Resources */,
				3A7A31D425F26A40008CACE7 /* PeopleViewController.xib in Resources */,
				3A3B7C5625ECF5B6009B326A /* LaunchScreen.storyboard in Resources */,
				3AC1396425EE79FE00F63AB2 /* MainViewController.xib in Resources */,
				3A3B7C5325ECF5B6009B326A /* Assets.xcassets in Resources */,
				3A8586E925F12C3A0062B8B6 /* NewCollectionCell.xib in Resources */,
				3A3B7C5125ECF5B2009B326A /* Main.storyboard in Resources */,
				3A85869725EF67090062B8B6 /* CollectionCell.xib in Resources */,
			);
			runOnlyForDeploymentPostprocessing = 0;
		};
/* End PBXResourcesBuildPhase section */

/* Begin PBXShellScriptBuildPhase section */
		B79B9EA51B49BCE198C0127B /* [CP] Embed Pods Frameworks */ = {
			isa = PBXShellScriptBuildPhase;
			buildActionMask = 2147483647;
			files = (
			);
			inputFileListPaths = (
				"${PODS_ROOT}/Target Support Files/Pods-Task 1/Pods-Task 1-frameworks-${CONFIGURATION}-input-files.xcfilelist",
			);
			name = "[CP] Embed Pods Frameworks";
			outputFileListPaths = (
				"${PODS_ROOT}/Target Support Files/Pods-Task 1/Pods-Task 1-frameworks-${CONFIGURATION}-output-files.xcfilelist",
			);
			runOnlyForDeploymentPostprocessing = 0;
			shellPath = /bin/sh;
			shellScript = "\"${PODS_ROOT}/Target Support Files/Pods-Task 1/Pods-Task 1-frameworks.sh\"\n";
			showEnvVarsInLog = 0;
		};
		D5BE12584C37C2AD04964A71 /* [CP] Check Pods Manifest.lock */ = {
			isa = PBXShellScriptBuildPhase;
			buildActionMask = 2147483647;
			files = (
			);
			inputFileListPaths = (
			);
			inputPaths = (
				"${PODS_PODFILE_DIR_PATH}/Podfile.lock",
				"${PODS_ROOT}/Manifest.lock",
			);
			name = "[CP] Check Pods Manifest.lock";
			outputFileListPaths = (
			);
			outputPaths = (
				"$(DERIVED_FILE_DIR)/Pods-Task 1-checkManifestLockResult.txt",
			);
			runOnlyForDeploymentPostprocessing = 0;
			shellPath = /bin/sh;
			shellScript = "diff \"${PODS_PODFILE_DIR_PATH}/Podfile.lock\" \"${PODS_ROOT}/Manifest.lock\" > /dev/null\nif [ $? != 0 ] ; then\n    # print error to STDERR\n    echo \"error: The sandbox is not in sync with the Podfile.lock. Run 'pod install' or update your CocoaPods installation.\" >&2\n    exit 1\nfi\n# This output is used by Xcode 'outputs' to avoid re-running this script phase.\necho \"SUCCESS\" > \"${SCRIPT_OUTPUT_FILE_0}\"\n";
			showEnvVarsInLog = 0;
		};
/* End PBXShellScriptBuildPhase section */

/* Begin PBXSourcesBuildPhase section */
		3A3B7C4225ECF5B2009B326A /* Sources */ = {
			isa = PBXSourcesBuildPhase;
			buildActionMask = 2147483647;
			files = (
				3A3B7C6425ECF985009B326A /* AlomofireRequest.swift in Sources */,
				3A85870B25F228EC0062B8B6 /* PresentingVCDelegate .swift in Sources */,
				3AC138FA25EE0E0100F63AB2 /* Request.swift in Sources */,
				3A3B7C4E25ECF5B2009B326A /* MainViewController.swift in Sources */,
				3A8586BA25F0C77B0062B8B6 /* VehicleData.swift in Sources */,
				3AC1390525EE223800F63AB2 /* PeopleViewController.swift in Sources */,
				3AC1392E25EE628B00F63AB2 /* BaseMappableModel.swift in Sources */,
				3A3B7C4A25ECF5B2009B326A /* AppDelegate.swift in Sources */,
				3A8586BD25F0CA750062B8B6 /* StarshipsData.swift in Sources */,
				3A3B7C4C25ECF5B2009B326A /* SceneDelegate.swift in Sources */,
				3A7A31BC25F23D26008CACE7 /* PlanetDescription.swift in Sources */,
				3A7A31B825F23AAB008CACE7 /* Entity.swift in Sources */,
				3A3B7C8025ED3836009B326A /* Constants.swift in Sources */,
				3AC138FF25EE104300F63AB2 /* PeopleRequest.swift in Sources */,
				3AC1395C25EE75AA00F63AB2 /* TableCell.swift in Sources */,
				3A8586AF25F0BF280062B8B6 /* PlanetData.swift in Sources */,
				3A85869025EF64CE0062B8B6 /* MyCollectionViewController.swift in Sources */,
				3A8586E825F12C3A0062B8B6 /* NewCollectionCell.swift in Sources */,
				3A7A31C225F251A7008CACE7 /* StarshipDescription.swift in Sources */,
				3A7A31C525F256AC008CACE7 /* VehicleDescription.swift in Sources */,
				3A7A31BF25F24258008CACE7 /* SpeciesDescription.swift in Sources */,
				3A85869625EF67090062B8B6 /* CollectionCell.swift in Sources */,
				3A8586B325F0C1AF0062B8B6 /* FilmData.swift in Sources */,
				3A8586EF25F167B60062B8B6 /* FilmDescription.swift in Sources */,
				3A3B7C6725ECFA20009B326A /* PeopleData.swift in Sources */,
				3A8586B725F0C5280062B8B6 /* SpeciesData.swift in Sources */,
				3A85869F25EF77300062B8B6 /* PeopleDescription.swift in Sources */,
			);
			runOnlyForDeploymentPostprocessing = 0;
		};
/* End PBXSourcesBuildPhase section */

/* Begin PBXVariantGroup section */
		3A3B7C4F25ECF5B2009B326A /* Main.storyboard */ = {
			isa = PBXVariantGroup;
			children = (
				3A3B7C5025ECF5B2009B326A /* Base */,
			);
			name = Main.storyboard;
			sourceTree = "<group>";
		};
		3A3B7C5425ECF5B6009B326A /* LaunchScreen.storyboard */ = {
			isa = PBXVariantGroup;
			children = (
				3A3B7C5525ECF5B6009B326A /* Base */,
			);
			name = LaunchScreen.storyboard;
			sourceTree = "<group>";
		};
/* End PBXVariantGroup section */

/* Begin XCBuildConfiguration section */
		3A3B7C5825ECF5B6009B326A /* Debug */ = {
			isa = XCBuildConfiguration;
			buildSettings = {
				ALWAYS_SEARCH_USER_PATHS = NO;
				CLANG_ANALYZER_NONNULL = YES;
				CLANG_ANALYZER_NUMBER_OBJECT_CONVERSION = YES_AGGRESSIVE;
				CLANG_CXX_LANGUAGE_STANDARD = "gnu++14";
				CLANG_CXX_LIBRARY = "libc++";
				CLANG_ENABLE_MODULES = YES;
				CLANG_ENABLE_OBJC_ARC = YES;
				CLANG_ENABLE_OBJC_WEAK = YES;
				CLANG_WARN_BLOCK_CAPTURE_AUTORELEASING = YES;
				CLANG_WARN_BOOL_CONVERSION = YES;
				CLANG_WARN_COMMA = YES;
				CLANG_WARN_CONSTANT_CONVERSION = YES;
				CLANG_WARN_DEPRECATED_OBJC_IMPLEMENTATIONS = YES;
				CLANG_WARN_DIRECT_OBJC_ISA_USAGE = YES_ERROR;
				CLANG_WARN_DOCUMENTATION_COMMENTS = YES;
				CLANG_WARN_EMPTY_BODY = YES;
				CLANG_WARN_ENUM_CONVERSION = YES;
				CLANG_WARN_INFINITE_RECURSION = YES;
				CLANG_WARN_INT_CONVERSION = YES;
				CLANG_WARN_NON_LITERAL_NULL_CONVERSION = YES;
				CLANG_WARN_OBJC_IMPLICIT_RETAIN_SELF = YES;
				CLANG_WARN_OBJC_LITERAL_CONVERSION = YES;
				CLANG_WARN_OBJC_ROOT_CLASS = YES_ERROR;
				CLANG_WARN_QUOTED_INCLUDE_IN_FRAMEWORK_HEADER = YES;
				CLANG_WARN_RANGE_LOOP_ANALYSIS = YES;
				CLANG_WARN_STRICT_PROTOTYPES = YES;
				CLANG_WARN_SUSPICIOUS_MOVE = YES;
				CLANG_WARN_UNGUARDED_AVAILABILITY = YES_AGGRESSIVE;
				CLANG_WARN_UNREACHABLE_CODE = YES;
				CLANG_WARN__DUPLICATE_METHOD_MATCH = YES;
				COPY_PHASE_STRIP = NO;
				DEBUG_INFORMATION_FORMAT = dwarf;
				ENABLE_STRICT_OBJC_MSGSEND = YES;
				ENABLE_TESTABILITY = YES;
				GCC_C_LANGUAGE_STANDARD = gnu11;
				GCC_DYNAMIC_NO_PIC = NO;
				GCC_NO_COMMON_BLOCKS = YES;
				GCC_OPTIMIZATION_LEVEL = 0;
				GCC_PREPROCESSOR_DEFINITIONS = (
					"DEBUG=1",
					"$(inherited)",
				);
				GCC_WARN_64_TO_32_BIT_CONVERSION = YES;
				GCC_WARN_ABOUT_RETURN_TYPE = YES_ERROR;
				GCC_WARN_UNDECLARED_SELECTOR = YES;
				GCC_WARN_UNINITIALIZED_AUTOS = YES_AGGRESSIVE;
				GCC_WARN_UNUSED_FUNCTION = YES;
				GCC_WARN_UNUSED_VARIABLE = YES;
				IPHONEOS_DEPLOYMENT_TARGET = 14.0;
				MTL_ENABLE_DEBUG_INFO = INCLUDE_SOURCE;
				MTL_FAST_MATH = YES;
				ONLY_ACTIVE_ARCH = YES;
				SDKROOT = iphoneos;
				SWIFT_ACTIVE_COMPILATION_CONDITIONS = DEBUG;
				SWIFT_OPTIMIZATION_LEVEL = "-Onone";
			};
			name = Debug;
		};
		3A3B7C5925ECF5B6009B326A /* Release */ = {
			isa = XCBuildConfiguration;
			buildSettings = {
				ALWAYS_SEARCH_USER_PATHS = NO;
				CLANG_ANALYZER_NONNULL = YES;
				CLANG_ANALYZER_NUMBER_OBJECT_CONVERSION = YES_AGGRESSIVE;
				CLANG_CXX_LANGUAGE_STANDARD = "gnu++14";
				CLANG_CXX_LIBRARY = "libc++";
				CLANG_ENABLE_MODULES = YES;
				CLANG_ENABLE_OBJC_ARC = YES;
				CLANG_ENABLE_OBJC_WEAK = YES;
				CLANG_WARN_BLOCK_CAPTURE_AUTORELEASING = YES;
				CLANG_WARN_BOOL_CONVERSION = YES;
				CLANG_WARN_COMMA = YES;
				CLANG_WARN_CONSTANT_CONVERSION = YES;
				CLANG_WARN_DEPRECATED_OBJC_IMPLEMENTATIONS = YES;
				CLANG_WARN_DIRECT_OBJC_ISA_USAGE = YES_ERROR;
				CLANG_WARN_DOCUMENTATION_COMMENTS = YES;
				CLANG_WARN_EMPTY_BODY = YES;
				CLANG_WARN_ENUM_CONVERSION = YES;
				CLANG_WARN_INFINITE_RECURSION = YES;
				CLANG_WARN_INT_CONVERSION = YES;
				CLANG_WARN_NON_LITERAL_NULL_CONVERSION = YES;
				CLANG_WARN_OBJC_IMPLICIT_RETAIN_SELF = YES;
				CLANG_WARN_OBJC_LITERAL_CONVERSION = YES;
				CLANG_WARN_OBJC_ROOT_CLASS = YES_ERROR;
				CLANG_WARN_QUOTED_INCLUDE_IN_FRAMEWORK_HEADER = YES;
				CLANG_WARN_RANGE_LOOP_ANALYSIS = YES;
				CLANG_WARN_STRICT_PROTOTYPES = YES;
				CLANG_WARN_SUSPICIOUS_MOVE = YES;
				CLANG_WARN_UNGUARDED_AVAILABILITY = YES_AGGRESSIVE;
				CLANG_WARN_UNREACHABLE_CODE = YES;
				CLANG_WARN__DUPLICATE_METHOD_MATCH = YES;
				COPY_PHASE_STRIP = NO;
				DEBUG_INFORMATION_FORMAT = "dwarf-with-dsym";
				ENABLE_NS_ASSERTIONS = NO;
				ENABLE_STRICT_OBJC_MSGSEND = YES;
				GCC_C_LANGUAGE_STANDARD = gnu11;
				GCC_NO_COMMON_BLOCKS = YES;
				GCC_WARN_64_TO_32_BIT_CONVERSION = YES;
				GCC_WARN_ABOUT_RETURN_TYPE = YES_ERROR;
				GCC_WARN_UNDECLARED_SELECTOR = YES;
				GCC_WARN_UNINITIALIZED_AUTOS = YES_AGGRESSIVE;
				GCC_WARN_UNUSED_FUNCTION = YES;
				GCC_WARN_UNUSED_VARIABLE = YES;
				IPHONEOS_DEPLOYMENT_TARGET = 14.0;
				MTL_ENABLE_DEBUG_INFO = NO;
				MTL_FAST_MATH = YES;
				SDKROOT = iphoneos;
				SWIFT_COMPILATION_MODE = wholemodule;
				SWIFT_OPTIMIZATION_LEVEL = "-O";
				VALIDATE_PRODUCT = YES;
			};
			name = Release;
		};
		3A3B7C5B25ECF5B6009B326A /* Debug */ = {
			isa = XCBuildConfiguration;
			baseConfigurationReference = F35A30F5D6D05A4179082B5A /* Pods-Task 1.debug.xcconfig */;
			buildSettings = {
				ASSETCATALOG_COMPILER_APPICON_NAME = AppIcon;
				ASSETCATALOG_COMPILER_GLOBAL_ACCENT_COLOR_NAME = AccentColor;
				CODE_SIGN_STYLE = Automatic;
				DEVELOPMENT_TEAM = 8A752375V8;
				INFOPLIST_FILE = "Task 1/Supporting Files/Info.plist";
				LD_RUNPATH_SEARCH_PATHS = (
					"$(inherited)",
					"@executable_path/Frameworks",
				);
				PRODUCT_BUNDLE_IDENTIFIER = "AntonYakushev.Task-1";
				PRODUCT_NAME = "$(TARGET_NAME)";
				SWIFT_VERSION = 5.0;
				TARGETED_DEVICE_FAMILY = "1,2";
			};
			name = Debug;
		};
		3A3B7C5C25ECF5B6009B326A /* Release */ = {
			isa = XCBuildConfiguration;
			baseConfigurationReference = 907C341934B3504D8760CD04 /* Pods-Task 1.release.xcconfig */;
			buildSettings = {
				ASSETCATALOG_COMPILER_APPICON_NAME = AppIcon;
				ASSETCATALOG_COMPILER_GLOBAL_ACCENT_COLOR_NAME = AccentColor;
				CODE_SIGN_STYLE = Automatic;
				DEVELOPMENT_TEAM = 8A752375V8;
				INFOPLIST_FILE = "Task 1/Supporting Files/Info.plist";
				LD_RUNPATH_SEARCH_PATHS = (
					"$(inherited)",
					"@executable_path/Frameworks",
				);
				PRODUCT_BUNDLE_IDENTIFIER = "AntonYakushev.Task-1";
				PRODUCT_NAME = "$(TARGET_NAME)";
				SWIFT_VERSION = 5.0;
				TARGETED_DEVICE_FAMILY = "1,2";
			};
			name = Release;
		};
/* End XCBuildConfiguration section */

/* Begin XCConfigurationList section */
		3A3B7C4125ECF5B2009B326A /* Build configuration list for PBXProject "Task 1" */ = {
			isa = XCConfigurationList;
			buildConfigurations = (
				3A3B7C5825ECF5B6009B326A /* Debug */,
				3A3B7C5925ECF5B6009B326A /* Release */,
			);
			defaultConfigurationIsVisible = 0;
			defaultConfigurationName = Release;
		};
		3A3B7C5A25ECF5B6009B326A /* Build configuration list for PBXNativeTarget "Task 1" */ = {
			isa = XCConfigurationList;
			buildConfigurations = (
				3A3B7C5B25ECF5B6009B326A /* Debug */,
				3A3B7C5C25ECF5B6009B326A /* Release */,
			);
			defaultConfigurationIsVisible = 0;
			defaultConfigurationName = Release;
		};
/* End XCConfigurationList section */
	};
	rootObject = 3A3B7C3E25ECF5B2009B326A /* Project object */;
}
